# This file was autogenerated by Stack.
# You should not edit this file by hand.
# For more information, please see the documentation at:
#   https://docs.haskellstack.org/en/stable/lock_files

packages:
- completed:
    hackage: tmp-postgres-1.30.0.1@sha256:927ee69c26d5e284553d39e9a665df70623942260b7f97b711998d5b6ad77e25,4724
    pantry-tree:
      size: 816
      sha256: fb530f8e86c078d0257676ce6739c63a0a4db4c4c15fb5005cc5ece3ba1ccc0c
  original:
    hackage: tmp-postgres-1.30.0.1
- completed:
    hackage: hspec-expectations-lifted-0.10.0@sha256:d00d16c52d67e9967418cf9301e45250fd72cec2a87770b64872b23cab038b28,789
    pantry-tree:
      size: 247
      sha256: e583e3169c0cf1c2f5aef9752f4b8aee48f7a2a192206178a4b7521971ef42ff
  original:
    hackage: hspec-expectations-lifted-0.10.0
- completed:
    hackage: optparse-generic-1.2.2@sha256:b3095eeda269d9ed5dcf24e4114cf4e1f2a86c2f0c92e9c898e5974a6228fcc0,1624
    pantry-tree:
      size: 224
      sha256: 03100110e2afa0c6bbdb767d4c7520c9be535cea5343f587c828d73278de2604
  original:
    hackage: optparse-generic-1.2.2
- completed:
    hackage: pg-transact-0.2.1.0@sha256:cefa8c06fe7ceb718de30528b0bf9a87e26c114014b6e9cd188010d5d4c7ed46,1516
    pantry-tree:
      size: 410
      sha256: 4f366e76eba1044f0765c03461dc4d6b00eaf005ba85ea04451c8d47f86ca02c
  original:
    hackage: pg-transact-0.2.1.0
- completed:
    hackage: postgresql-simple-opts-0.2.0.2@sha256:f1852068a4f810614dc7b663a17098b4fc81a8dbef6ab940c368a97d40597137,1778
    pantry-tree:
      size: 301
      sha256: ca260116f891910bab9090dc98f81ded30bfe7d1a9600c4b7b6528ddb7f96910
  original:
    hackage: postgresql-simple-opts-0.2.0.2
- completed:
    hackage: generic-monoid-0.1.0.0@sha256:372875d12742b97befaacbd08a35c2e73cc3821a3b7a09ec1b17a079d0b24ff7,856
    pantry-tree:
      size: 393
      sha256: 97b556af7f3209f1da5099f50727008d771b72ac0b64b4a640c20f1621eb669b
  original:
    hackage: generic-monoid-0.1.0.0
- completed:
    hackage: postgres-options-0.2.0.0@sha256:5e2d6408ed3943f9a056b58106186397b9aa1424c56f1f26668305ce8ea2838f,1604
    pantry-tree:
      size: 295
      sha256: a9fb2bafbaca65c548916e9276ad129302e0b82b7cc9a5c74d3b359a7a77d598
  original:
    hackage: postgres-options-0.2.0.0
snapshots:
- completed:
    size: 525663
    url: https://raw.githubusercontent.com/commercialhaskell/stackage-snapshots/master/lts/14/14.yaml
    sha256: 6edc48df46eb8bf7b861e98dd30d021a92c2e1820c9bb6528aac5d997b0e14ef
  original: lts-14.14
