# This file was autogenerated by Stack.
# You should not edit this file by hand.
# For more information, please see the documentation at:
#   https://docs.haskellstack.org/en/stable/lock_files

packages:
- completed:
    hackage: postgresql-libpq-notify-0.2.0.0@sha256:bbc4340400dcd788eaea238b5e7a64abe6046f84b1ba0a333384512cf081ec8c,1365
    pantry-tree:
      size: 354
      sha256: c3dc643ca689ec267e00d629ad527cda61a14b34dcf2490a08a9b5e250a8c95a
  original:
    hackage: postgresql-libpq-notify-0.2.0.0
snapshots:
- completed:
    size: 458669
    url: https://raw.githubusercontent.com/commercialhaskell/stackage-snapshots/master/nightly/2020/1/21.yaml
    sha256: 3162cd7b6d9a0f8f033a1a2eebb5e5c7f353514a790938cb71690cf8c0a87a28
  original: nightly-2020-01-21
